
Microsoft Visual Studio Solution File, Format Version 12.00
# Visual Studio Version 16
VisualStudioVersion = 16.0.29709.97
MinimumVisualStudioVersion = 10.0.40219.1
Project("{888888A0-9F3D-457C-B088-3A5042F75D52}") = "pagination", "pagination.pyproj", "{1140C74C-840D-4694-8738-F98BFD0965E3}"
EndProject
Global
	GlobalSection(SolutionConfigurationPlatforms) = preSolution
		Debug|Any CPU = Debug|Any CPU
		Release|Any CPU = Release|Any CPU
	EndGlobalSection
	GlobalSection(ProjectConfigurationPlatforms) = postSolution
		{1140C74C-840D-4694-8738-F98BFD0965E3}.Debug|Any CPU.ActiveCfg = Debug|Any CPU
		{1140C74C-840D-4694-8738-F98BFD0965E3}.Debug|Any CPU.Build.0 = Debug|Any CPU
		{1140C74C-840D-4694-8738-F98BFD0965E3}.Release|Any CPU.ActiveCfg = Release|Any CPU
		{1140C74C-840D-4694-8738-F98BFD0965E3}.Release|Any CPU.Build.0 = Release|Any CPU
	EndGlobalSection
	GlobalSection(SolutionProperties) = preSolution
		HideSolutionNode = FALSE
	EndGlobalSection
	GlobalSection(ExtensibilityGlobals) = postSolution
		SolutionGuid = {D92F343D-61FD-429C-BEE8-169885F0750D}
	EndGlobalSection
EndGlobal
