
Microsoft Visual Studio Solution File, Format Version 12.00
# Visual Studio Version 16
VisualStudioVersion = 16.0.30128.74
MinimumVisualStudioVersion = 10.0.40219.1
Project("{888888A0-9F3D-457C-B088-3A5042F75D52}") = "orm_query", "orm_query.pyproj", "{80C6DB16-404D-44A3-8CBE-2B821D12C418}"
EndProject
Global
	GlobalSection(SolutionConfigurationPlatforms) = preSolution
		Debug|Any CPU = Debug|Any CPU
		Release|Any CPU = Release|Any CPU
	EndGlobalSection
	GlobalSection(ProjectConfigurationPlatforms) = postSolution
		{80C6DB16-404D-44A3-8CBE-2B821D12C418}.Debug|Any CPU.ActiveCfg = Debug|Any CPU
		{80C6DB16-404D-44A3-8CBE-2B821D12C418}.Debug|Any CPU.Build.0 = Debug|Any CPU
		{80C6DB16-404D-44A3-8CBE-2B821D12C418}.Release|Any CPU.ActiveCfg = Release|Any CPU
		{80C6DB16-404D-44A3-8CBE-2B821D12C418}.Release|Any CPU.Build.0 = Release|Any CPU
	EndGlobalSection
	GlobalSection(SolutionProperties) = preSolution
		HideSolutionNode = FALSE
	EndGlobalSection
	GlobalSection(ExtensibilityGlobals) = postSolution
		SolutionGuid = {547360DE-B403-4710-9FF4-8EE9DB687699}
	EndGlobalSection
EndGlobal
