
Microsoft Visual Studio Solution File, Format Version 12.00
# Visual Studio Version 16
VisualStudioVersion = 16.0.30128.74
MinimumVisualStudioVersion = 10.0.40219.1
Project("{888888A0-9F3D-457C-B088-3A5042F75D52}") = "m2m-relations", "m2m-relations.pyproj", "{EDD61E32-A188-4802-A4C6-B64EA6EF8351}"
EndProject
Global
	GlobalSection(SolutionConfigurationPlatforms) = preSolution
		Debug|Any CPU = Debug|Any CPU
		Release|Any CPU = Release|Any CPU
	EndGlobalSection
	GlobalSection(ProjectConfigurationPlatforms) = postSolution
		{EDD61E32-A188-4802-A4C6-B64EA6EF8351}.Debug|Any CPU.ActiveCfg = Debug|Any CPU
		{EDD61E32-A188-4802-A4C6-B64EA6EF8351}.Debug|Any CPU.Build.0 = Debug|Any CPU
		{EDD61E32-A188-4802-A4C6-B64EA6EF8351}.Release|Any CPU.ActiveCfg = Release|Any CPU
		{EDD61E32-A188-4802-A4C6-B64EA6EF8351}.Release|Any CPU.Build.0 = Release|Any CPU
	EndGlobalSection
	GlobalSection(SolutionProperties) = preSolution
		HideSolutionNode = FALSE
	EndGlobalSection
	GlobalSection(ExtensibilityGlobals) = postSolution
		SolutionGuid = {D5BB7514-4F91-4D0F-A1C6-B54A8B6725CD}
	EndGlobalSection
EndGlobal
